github.com/go-chi/chi/v5 v5.3.1 h1:3j4HZLGZQ3JpMCrPJF/Jl3mYJfWLKBfNJ6quurUGCf8=
github.com/go-chi/chi/v5 v5.3.1/go.mod h1:R+tYY2hNuVUUjxoPtqUdgBqevM9s9njzkTLutVsOCto=
github.com/msutara/config-manager-core v0.4.8 h1:WjudmmUbjM/c06VR653VWGHuNN7xDQjdZ3fXZ6IHBv0=
github.com/msutara/config-manager-core v0.4.8/go.mod h1:NrprRql17FIr82yYbmo7HO8R1wu6wjsG4OtywwzMyhM=
